// !$*UTF8*$!
{
	archiveVersion = 1;
	classes = {
	};
	objectVersion = 50;
	objects = {

/* Begin PBXBuildFile section */
		A456A41F2244C7970017D1CA /* AppDelegate.swift in Sources */ = {isa = PBXBuildFile; fileRef = A456A41E2244C7970017D1CA /* AppDelegate.swift */; };
		A456A4242244C7970017D1CA /* Main.storyboard in Resources */ = {isa = PBXBuildFile; fileRef = A456A4222244C7970017D1CA /* Main.storyboard */; };
		A456A4262244C7990017D1CA /* Assets.xcassets in Resources */ = {isa = PBXBuildFile; fileRef = A456A4252244C7990017D1CA /* Assets.xcassets */; };
		A456A4292244C7990017D1CA /* LaunchScreen.storyboard in Resources */ = {isa = PBXBuildFile; fileRef = A456A4272244C7990017D1CA /* LaunchScreen.storyboard */; };
		A456A4322244CD010017D1CA /* Animals.xcassets in Resources */ = {isa = PBXBuildFile; fileRef = A456A4302244CD010017D1CA /* Animals.xcassets */; };
		A456A4332244CD010017D1CA /* Images.xcassets in Resources */ = {isa = PBXBuildFile; fileRef = A456A4312244CD010017D1CA /* Images.xcassets */; };
		A456A4352244DB470017D1CA /* MainViewController.swift in Sources */ = {isa = PBXBuildFile; fileRef = A456A4342244DB470017D1CA /* MainViewController.swift */; };
		A456A4372244DB720017D1CA /* DescriptionViewController.swift in Sources */ = {isa = PBXBuildFile; fileRef = A456A4362244DB720017D1CA /* DescriptionViewController.swift */; };
		A456A4392244DB7B0017D1CA /* MakerViewController.swift in Sources */ = {isa = PBXBuildFile; fileRef = A456A4382244DB7B0017D1CA /* MakerViewController.swift */; };
/* End PBXBuildFile section */

/* Begin PBXFileReference section */
		A456A41B2244C7970017D1CA /* CompanionAnimals.app */ = {isa = PBXFileReference; explicitFileType = wrapper.application; includeInIndex = 0; path = CompanionAnimals.app; sourceTree = BUILT_PRODUCTS_DIR; };
		A456A41E2244C7970017D1CA /* AppDelegate.swift */ = {isa = PBXFileReference; lastKnownFileType = sourcecode.swift; path = AppDelegate.swift; sourceTree = "<group>"; };
		A456A4232244C7970017D1CA /* Base */ = {isa = PBXFileReference; lastKnownFileType = file.storyboard; name = Base; path = Base.lproj/Main.storyboard; sourceTree = "<group>"; };
		A456A4252244C7990017D1CA /* Assets.xcassets */ = {isa = PBXFileReference; lastKnownFileType = folder.assetcatalog; path = Assets.xcassets; sourceTree = "<group>"; };
		A456A4282244C7990017D1CA /* Base */ = {isa = PBXFileReference; lastKnownFileType = file.storyboard; name = Base; path = Base.lproj/LaunchScreen.storyboard; sourceTree = "<group>"; };
		A456A42A2244C7990017D1CA /* Info.plist */ = {isa = PBXFileReference; lastKnownFileType = text.plist.xml; path = Info.plist; sourceTree = "<group>"; };
		A456A4302244CD010017D1CA /* Animals.xcassets */ = {isa = PBXFileReference; lastKnownFileType = folder.assetcatalog; name = Animals.xcassets; path = ../../../../../section5_files/yagom_proj_5_resources/Animals.xcassets; sourceTree = "<group>"; };
		A456A4312244CD010017D1CA /* Images.xcassets */ = {isa = PBXFileReference; lastKnownFileType = folder.assetcatalog; name = Images.xcassets; path = ../../../../../section5_files/yagom_proj_5_resources/Images.xcassets; sourceTree = "<group>"; };
		A456A4342244DB470017D1CA /* MainViewController.swift */ = {isa = PBXFileReference; lastKnownFileType = sourcecode.swift; path = MainViewController.swift; sourceTree = "<group>"; };
		A456A4362244DB720017D1CA /* DescriptionViewController.swift */ = {isa = PBXFileReference; lastKnownFileType = sourcecode.swift; path = DescriptionViewController.swift; sourceTree = "<group>"; };
		A456A4382244DB7B0017D1CA /* MakerViewController.swift */ = {isa = PBXFileReference; lastKnownFileType = sourcecode.swift; path = MakerViewController.swift; sourceTree = "<group>"; };
/* End PBXFileReference section */

/* Begin PBXFrameworksBuildPhase section */
		A456A4182244C7970017D1CA /* Frameworks */ = {
			isa = PBXFrameworksBuildPhase;
			buildActionMask = 2147483647;
			files = (
			);
			runOnlyForDeploymentPostprocessing = 0;
		};
/* End PBXFrameworksBuildPhase section */

/* Begin PBXGroup section */
		A456A4122244C7970017D1CA = {
			isa = PBXGroup;
			children = (
				A456A41D2244C7970017D1CA /* CompanionAnimals */,
				A456A41C2244C7970017D1CA /* Products */,
			);
			sourceTree = "<group>";
		};
		A456A41C2244C7970017D1CA /* Products */ = {
			isa = PBXGroup;
			children = (
				A456A41B2244C7970017D1CA /* CompanionAnimals.app */,
			);
			name = Products;
			sourceTree = "<group>";
		};
		A456A41D2244C7970017D1CA /* CompanionAnimals */ = {
			isa = PBXGroup;
			children = (
				A456A4302244CD010017D1CA /* Animals.xcassets */,
				A456A4312244CD010017D1CA /* Images.xcassets */,
				A456A41E2244C7970017D1CA /* AppDelegate.swift */,
				A456A4342244DB470017D1CA /* MainViewController.swift */,
				A456A4362244DB720017D1CA /* DescriptionViewController.swift */,
				A456A4382244DB7B0017D1CA /* MakerViewController.swift */,
				A456A4222244C7970017D1CA /* Main.storyboard */,
				A456A4252244C7990017D1CA /* Assets.xcassets */,
				A456A4272244C7990017D1CA /* LaunchScreen.storyboard */,
				A456A42A2244C7990017D1CA /* Info.plist */,
			);
			path = CompanionAnimals;
			sourceTree = "<group>";
		};
/* End PBXGroup section */

/* Begin PBXNativeTarget section */
		A456A41A2244C7970017D1CA /* CompanionAnimals */ = {
			isa = PBXNativeTarget;
			buildConfigurationList = A456A42D2244C7990017D1CA /* Build configuration list for PBXNativeTarget "CompanionAnimals" */;
			buildPhases = (
				A456A4172244C7970017D1CA /* Sources */,
				A456A4182244C7970017D1CA /* Frameworks */,
				A456A4192244C7970017D1CA /* Resources */,
			);
			buildRules = (
			);
			dependencies = (
			);
			name = CompanionAnimals;
			productName = CompanionAnimals;
			productReference = A456A41B2244C7970017D1CA /* CompanionAnimals.app */;
			productType = "com.apple.product-type.application";
		};
/* End PBXNativeTarget section */

/* Begin PBXProject section */
		A456A4132244C7970017D1CA /* Project object */ = {
			isa = PBXProject;
			attributes = {
				LastSwiftUpdateCheck = 1010;
				LastUpgradeCheck = 1010;
				ORGANIZATIONNAME = Valkyrie;
				TargetAttributes = {
					A456A41A2244C7970017D1CA = {
						CreatedOnToolsVersion = 10.1;
					};
				};
			};
			buildConfigurationList = A456A4162244C7970017D1CA /* Build configuration list for PBXProject "CompanionAnimals" */;
			compatibilityVersion = "Xcode 9.3";
			developmentRegion = en;
			hasScannedForEncodings = 0;
			knownRegions = (
				en,
				Base,
			);
			mainGroup = A456A4122244C7970017D1CA;
			productRefGroup = A456A41C2244C7970017D1CA /* Products */;
			projectDirPath = "";
			projectRoot = "";
			targets = (
				A456A41A2244C7970017D1CA /* CompanionAnimals */,
			);
		};
/* End PBXProject section */

/* Begin PBXResourcesBuildPhase section */
		A456A4192244C7970017D1CA /* Resources */ = {
			isa = PBXResourcesBuildPhase;
			buildActionMask = 2147483647;
			files = (
				A456A4292244C7990017D1CA /* LaunchScreen.storyboard in Resources */,
				A456A4332244CD010017D1CA /* Images.xcassets in Resources */,
				A456A4322244CD010017D1CA /* Animals.xcassets in Resources */,
				A456A4262244C7990017D1CA /* Assets.xcassets in Resources */,
				A456A4242244C7970017D1CA /* Main.storyboard in Resources */,
			);
			runOnlyForDeploymentPostprocessing = 0;
		};
/* End PBXResourcesBuildPhase section */

/* Begin PBXSourcesBuildPhase section */
		A456A4172244C7970017D1CA /* Sources */ = {
			isa = PBXSourcesBuildPhase;
			buildActionMask = 2147483647;
			files = (
				A456A4372244DB720017D1CA /* DescriptionViewController.swift in Sources */,
				A456A41F2244C7970017D1CA /* AppDelegate.swift in Sources */,
				A456A4352244DB470017D1CA /* MainViewController.swift in Sources */,
				A456A4392244DB7B0017D1CA /* MakerViewController.swift in Sources */,
			);
			runOnlyForDeploymentPostprocessing = 0;
		};
/* End PBXSourcesBuildPhase section */

/* Begin PBXVariantGroup section */
		A456A4222244C7970017D1CA /* Main.storyboard */ = {
			isa = PBXVariantGroup;
			children = (
				A456A4232244C7970017D1CA /* Base */,
			);
			name = Main.storyboard;
			sourceTree = "<group>";
		};
		A456A4272244C7990017D1CA /* LaunchScreen.storyboard */ = {
			isa = PBXVariantGroup;
			children = (
				A456A4282244C7990017D1CA /* Base */,
			);
			name = LaunchScreen.storyboard;
			sourceTree = "<group>";
		};
/* End PBXVariantGroup section */

/* Begin XCBuildConfiguration section */
		A456A42B2244C7990017D1CA /* Debug */ = {
			isa = XCBuildConfiguration;
			buildSettings = {
				ALWAYS_SEARCH_USER_PATHS = NO;
				CLANG_ANALYZER_NONNULL = YES;
				CLANG_ANALYZER_NUMBER_OBJECT_CONVERSION = YES_AGGRESSIVE;
				CLANG_CXX_LANGUAGE_STANDARD = "gnu++14";
				CLANG_CXX_LIBRARY = "libc++";
				CLANG_ENABLE_MODULES = YES;
				CLANG_ENABLE_OBJC_ARC = YES;
				CLANG_ENABLE_OBJC_WEAK = YES;
				CLANG_WARN_BLOCK_CAPTURE_AUTORELEASING = YES;
				CLANG_WARN_BOOL_CONVERSION = YES;
				CLANG_WARN_COMMA = YES;
				CLANG_WARN_CONSTANT_CONVERSION = YES;
				CLANG_WARN_DEPRECATED_OBJC_IMPLEMENTATIONS = YES;
				CLANG_WARN_DIRECT_OBJC_ISA_USAGE = YES_ERROR;
				CLANG_WARN_DOCUMENTATION_COMMENTS = YES;
				CLANG_WARN_EMPTY_BODY = YES;
				CLANG_WARN_ENUM_CONVERSION = YES;
				CLANG_WARN_INFINITE_RECURSION = YES;
				CLANG_WARN_INT_CONVERSION = YES;
				CLANG_WARN_NON_LITERAL_NULL_CONVERSION = YES;
				CLANG_WARN_OBJC_IMPLICIT_RETAIN_SELF = YES;
				CLANG_WARN_OBJC_LITERAL_CONVERSION = YES;
				CLANG_WARN_OBJC_ROOT_CLASS = YES_ERROR;
				CLANG_WARN_RANGE_LOOP_ANALYSIS = YES;
				CLANG_WARN_STRICT_PROTOTYPES = YES;
				CLANG_WARN_SUSPICIOUS_MOVE = YES;
				CLANG_WARN_UNGUARDED_AVAILABILITY = YES_AGGRESSIVE;
				CLANG_WARN_UNREACHABLE_CODE = YES;
				CLANG_WARN__DUPLICATE_METHOD_MATCH = YES;
				CODE_SIGN_IDENTITY = "iPhone Developer";
				COPY_PHASE_STRIP = NO;
				DEBUG_INFORMATION_FORMAT = dwarf;
				ENABLE_STRICT_OBJC_MSGSEND = YES;
				ENABLE_TESTABILITY = YES;
				GCC_C_LANGUAGE_STANDARD = gnu11;
				GCC_DYNAMIC_NO_PIC = NO;
				GCC_NO_COMMON_BLOCKS = YES;
				GCC_OPTIMIZATION_LEVEL = 0;
				GCC_PREPROCESSOR_DEFINITIONS = (
					"DEBUG=1",
					"$(inherited)",
				);
				GCC_WARN_64_TO_32_BIT_CONVERSION = YES;
				GCC_WARN_ABOUT_RETURN_TYPE = YES_ERROR;
				GCC_WARN_UNDECLARED_SELECTOR = YES;
				GCC_WARN_UNINITIALIZED_AUTOS = YES_AGGRESSIVE;
				GCC_WARN_UNUSED_FUNCTION = YES;
				GCC_WARN_UNUSED_VARIABLE = YES;
				IPHONEOS_DEPLOYMENT_TARGET = 12.1;
				MTL_ENABLE_DEBUG_INFO = INCLUDE_SOURCE;
				MTL_FAST_MATH = YES;
				ONLY_ACTIVE_ARCH = YES;
				SDKROOT = iphoneos;
				SWIFT_ACTIVE_COMPILATION_CONDITIONS = DEBUG;
				SWIFT_OPTIMIZATION_LEVEL = "-Onone";
			};
			name = Debug;
		};
		A456A42C2244C7990017D1CA /* Release */ = {
			isa = XCBuildConfiguration;
			buildSettings = {
				ALWAYS_SEARCH_USER_PATHS = NO;
				CLANG_ANALYZER_NONNULL = YES;
				CLANG_ANALYZER_NUMBER_OBJECT_CONVERSION = YES_AGGRESSIVE;
				CLANG_CXX_LANGUAGE_STANDARD = "gnu++14";
				CLANG_CXX_LIBRARY = "libc++";
				CLANG_ENABLE_MODULES = YES;
				CLANG_ENABLE_OBJC_ARC = YES;
				CLANG_ENABLE_OBJC_WEAK = YES;
				CLANG_WARN_BLOCK_CAPTURE_AUTORELEASING = YES;
				CLANG_WARN_BOOL_CONVERSION = YES;
				CLANG_WARN_COMMA = YES;
				CLANG_WARN_CONSTANT_CONVERSION = YES;
				CLANG_WARN_DEPRECATED_OBJC_IMPLEMENTATIONS = YES;
				CLANG_WARN_DIRECT_OBJC_ISA_USAGE = YES_ERROR;
				CLANG_WARN_DOCUMENTATION_COMMENTS = YES;
				CLANG_WARN_EMPTY_BODY = YES;
				CLANG_WARN_ENUM_CONVERSION = YES;
				CLANG_WARN_INFINITE_RECURSION = YES;
				CLANG_WARN_INT_CONVERSION = YES;
				CLANG_WARN_NON_LITERAL_NULL_CONVERSION = YES;
				CLANG_WARN_OBJC_IMPLICIT_RETAIN_SELF = YES;
				CLANG_WARN_OBJC_LITERAL_CONVERSION = YES;
				CLANG_WARN_OBJC_ROOT_CLASS = YES_ERROR;
				CLANG_WARN_RANGE_LOOP_ANALYSIS = YES;
				CLANG_WARN_STRICT_PROTOTYPES = YES;
				CLANG_WARN_SUSPICIOUS_MOVE = YES;
				CLANG_WARN_UNGUARDED_AVAILABILITY = YES_AGGRESSIVE;
				CLANG_WARN_UNREACHABLE_CODE = YES;
				CLANG_WARN__DUPLICATE_METHOD_MATCH = YES;
				CODE_SIGN_IDENTITY = "iPhone Developer";
				COPY_PHASE_STRIP = NO;
				DEBUG_INFORMATION_FORMAT = "dwarf-with-dsym";
				ENABLE_NS_ASSERTIONS = NO;
				ENABLE_STRICT_OBJC_MSGSEND = YES;
				GCC_C_LANGUAGE_STANDARD = gnu11;
				GCC_NO_COMMON_BLOCKS = YES;
				GCC_WARN_64_TO_32_BIT_CONVERSION = YES;
				GCC_WARN_ABOUT_RETURN_TYPE = YES_ERROR;
				GCC_WARN_UNDECLARED_SELECTOR = YES;
				GCC_WARN_UNINITIALIZED_AUTOS = YES_AGGRESSIVE;
				GCC_WARN_UNUSED_FUNCTION = YES;
				GCC_WARN_UNUSED_VARIABLE = YES;
				IPHONEOS_DEPLOYMENT_TARGET = 12.1;
				MTL_ENABLE_DEBUG_INFO = NO;
				MTL_FAST_MATH = YES;
				SDKROOT = iphoneos;
				SWIFT_COMPILATION_MODE = wholemodule;
				SWIFT_OPTIMIZATION_LEVEL = "-O";
				VALIDATE_PRODUCT = YES;
			};
			name = Release;
		};
		A456A42E2244C7990017D1CA /* Debug */ = {
			isa = XCBuildConfiguration;
			buildSettings = {
				ASSETCATALOG_COMPILER_APPICON_NAME = AppIcon;
				CODE_SIGN_STYLE = Automatic;
				INFOPLIST_FILE = CompanionAnimals/Info.plist;
				LD_RUNPATH_SEARCH_PATHS = (
					"$(inherited)",
					"@executable_path/Frameworks",
				);
				PRODUCT_BUNDLE_IDENTIFIER = com.castlebro.CompanionAnimals;
				PRODUCT_NAME = "$(TARGET_NAME)";
				SWIFT_VERSION = 4.2;
				TARGETED_DEVICE_FAMILY = "1,2";
			};
			name = Debug;
		};
		A456A42F2244C7990017D1CA /* Release */ = {
			isa = XCBuildConfiguration;
			buildSettings = {
				ASSETCATALOG_COMPILER_APPICON_NAME = AppIcon;
				CODE_SIGN_STYLE = Automatic;
				INFOPLIST_FILE = CompanionAnimals/Info.plist;
				LD_RUNPATH_SEARCH_PATHS = (
					"$(inherited)",
					"@executable_path/Frameworks",
				);
				PRODUCT_BUNDLE_IDENTIFIER = com.castlebro.CompanionAnimals;
				PRODUCT_NAME = "$(TARGET_NAME)";
				SWIFT_VERSION = 4.2;
				TARGETED_DEVICE_FAMILY = "1,2";
			};
			name = Release;
		};
/* End XCBuildConfiguration section */

/* Begin XCConfigurationList section */
		A456A4162244C7970017D1CA /* Build configuration list for PBXProject "CompanionAnimals" */ = {
			isa = XCConfigurationList;
			buildConfigurations = (
				A456A42B2244C7990017D1CA /* Debug */,
				A456A42C2244C7990017D1CA /* Release */,
			);
			defaultConfigurationIsVisible = 0;
			defaultConfigurationName = Release;
		};
		A456A42D2244C7990017D1CA /* Build configuration list for PBXNativeTarget "CompanionAnimals" */ = {
			isa = XCConfigurationList;
			buildConfigurations = (
				A456A42E2244C7990017D1CA /* Debug */,
				A456A42F2244C7990017D1CA /* Release */,
			);
			defaultConfigurationIsVisible = 0;
			defaultConfigurationName = Release;
		};
/* End XCConfigurationList section */
	};
	rootObject = A456A4132244C7970017D1CA /* Project object */;
}
